
Microsoft Visual Studio Solution File, Format Version 12.00
# Visual Studio Version 17
VisualStudioVersion = 17.14.36121.58 d17.14
MinimumVisualStudioVersion = 10.0.40219.1
Project("{FAE04EC0-301F-11D3-BF4B-00C04F79EFBC}") = "BooleanCompletenessBack", "BooleanCompletenessBack\BooleanCompletenessBack.csproj", "{048B25C8-7419-49A4-AA3D-DF33E18C39EB}"
EndProject
Global
	GlobalSection(SolutionConfigurationPlatforms) = preSolution
		Debug|Any CPU = Debug|Any CPU
		Release|Any CPU = Release|Any CPU
	EndGlobalSection
	GlobalSection(ProjectConfigurationPlatforms) = postSolution
		{048B25C8-7419-49A4-AA3D-DF33E18C39EB}.Debug|Any CPU.ActiveCfg = Debug|Any CPU
		{048B25C8-7419-49A4-AA3D-DF33E18C39EB}.Debug|Any CPU.Build.0 = Debug|Any CPU
		{048B25C8-7419-49A4-AA3D-DF33E18C39EB}.Release|Any CPU.ActiveCfg = Release|Any CPU
		{048B25C8-7419-49A4-AA3D-DF33E18C39EB}.Release|Any CPU.Build.0 = Release|Any CPU
	EndGlobalSection
	GlobalSection(SolutionProperties) = preSolution
		HideSolutionNode = FALSE
	EndGlobalSection
	GlobalSection(ExtensibilityGlobals) = postSolution
		SolutionGuid = {6B794296-D2D4-4E47-B232-1B7E7687207A}
	EndGlobalSection
EndGlobal
